# This file is automatically @generated by Cargo.
# It is not intended for manual editing.
[[package]]
name = "autocfg"
version = "1.0.0"
source = "registry+https://github.com/rust-lang/crates.io-index"
checksum = "f8aac770f1885fd7e387acedd76065302551364496e46b3dd00860b2f8359b9d"

[[package]]
name = "bit_field"
version = "0.9.0"
source = "registry+https://github.com/rust-lang/crates.io-index"
checksum = "ed8765909f9009617974ab6b7d332625b320b33c326b1e9321382ef1999b5d56"

[[package]]
name = "bitflags"
version = "1.2.1"
source = "registry+https://github.com/rust-lang/crates.io-index"
checksum = "cf1de2fe8c75bc145a2f577add951f8134889b4795d47466a54a5c846d691693"

[[package]]
name = "claim"
version = "0.3.1"
source = "registry+https://github.com/rust-lang/crates.io-index"
checksum = "2b2e893ee68bf12771457cceea72497bc9cb7da404ec8a5311226d354b895ba4"
dependencies = [
 "autocfg",
]

[[package]]
name = "cortex-a"
version = "3.0.0"
dependencies = [
 "register",
]

[[package]]
name = "dtb"
version = "0.2.0"
source = "registry+https://github.com/rust-lang/crates.io-index"
checksum = "be6c6e1672a044abd9652045ba11beb1c7fbec7e5262dcba54795e82aa577971"

[[package]]
name = "kernel"
version = "0.1.0"
dependencies = [
 "claim",
 "cortex-a",
 "dtb",
 "qemu-exit",
 "register",
 "spin",
 "test-macros",
 "test-types",
]

[[package]]
name = "proc-macro2"
version = "1.0.17"
source = "registry+https://github.com/rust-lang/crates.io-index"
checksum = "1502d12e458c49a4c9cbff560d0fe0060c252bc29799ed94ca2ed4bb665a0101"
dependencies = [
 "unicode-xid",
]

[[package]]
name = "qemu-exit"
version = "0.1.1"
dependencies = [
 "x86_64",
]

[[package]]
name = "quote"
version = "1.0.6"
source = "registry+https://github.com/rust-lang/crates.io-index"
checksum = "54a21852a652ad6f610c9510194f398ff6f8692e334fd1145fed931f7fbe44ea"
dependencies = [
 "proc-macro2",
]

[[package]]
name = "register"
version = "0.5.0"
source = "registry+https://github.com/rust-lang/crates.io-index"
checksum = "6e10c2ba523bc81270ecb9b6ca6704f42cd1efec89fddbfe0e520ad0e218f401"
dependencies = [
 "tock-registers",
]

[[package]]
name = "spin"
version = "0.5.2"
source = "registry+https://github.com/rust-lang/crates.io-index"
checksum = "6e63cff320ae2c57904679ba7cb63280a3dc4613885beafb148ee7bf9aa9042d"

[[package]]
name = "syn"
version = "1.0.27"
source = "registry+https://github.com/rust-lang/crates.io-index"
checksum = "ef781e621ee763a2a40721a8861ec519cb76966aee03bb5d00adb6a31dc1c1de"
dependencies = [
 "proc-macro2",
 "quote",
 "unicode-xid",
]

[[package]]
name = "test-macros"
version = "0.1.0"
dependencies = [
 "proc-macro2",
 "quote",
 "syn",
 "test-types",
]

[[package]]
name = "test-types"
version = "0.1.0"

[[package]]
name = "tock-registers"
version = "0.5.0"
source = "registry+https://github.com/rust-lang/crates.io-index"
checksum = "70323afdb8082186c0986da0e10f6e4ed103d681c921c00597e98d9806dac20f"

[[package]]
name = "unicode-xid"
version = "0.2.0"
source = "registry+https://github.com/rust-lang/crates.io-index"
checksum = "826e7639553986605ec5979c7dd957c7895e93eabed50ab2ffa7f6128a75097c"

[[package]]
name = "x86_64"
version = "0.11.0"
source = "registry+https://github.com/rust-lang/crates.io-index"
checksum = "365de37eb7c6da582cbb510dd0f3f1235d24ff6309a8a96e8a9909cc9bfd608f"
dependencies = [
 "bit_field",
 "bitflags",
]
